{
    "_readme": [
        "This file locks the dependencies of your project to a known state",
        "Read more about it at http://getcomposer.org/doc/01-basic-usage.md#composer-lock-the-lock-file"
    ],
    "hash": "72c538bc957e93d0b01b5943ddbd06a3",
    "packages": [
        {
            "name": "cultuurnet/auth",
            "version": "dev-master",
            "source": {
                "type": "git",
                "url": "https://github.com/cultuurnet/Auth.git",
                "reference": "08d3d6ec8893992749bb702e2d3d8301c1ecbed8"
            },
            "dist": {
                "type": "zip",
                "url": "https://api.github.com/repos/cultuurnet/Auth/zipball/08d3d6ec8893992749bb702e2d3d8301c1ecbed8",
                "reference": "08d3d6ec8893992749bb702e2d3d8301c1ecbed8",
                "shasum": ""
            },
            "require": {
                "guzzle/http": "3.1.*",
                "guzzle/plugin-cookie": "3.1.*",
                "guzzle/plugin-log": "3.1.*",
                "guzzle/plugin-oauth": "3.1.*",
                "justinrainbow/json-schema": "1.1.*",
                "php": ">=5.3.0",
                "symfony/console": "2.2.*"
            },
            "bin": [
                "bin/cultuurnet-auth"
            ],
            "type": "library",
            "extra": {
                "branch-alias": {
                    "dev-master": "1.0.x-dev"
                }
            },
            "autoload": {
                "psr-0": {
                    "CultuurNet\\Auth": [
                        "lib"
                    ]
                }
            },
            "notification-url": "http://packagist.org/downloads/",
            "license": [
                "Apache-2.0"
            ],
            "description": "Authentication service for CultuurNet web services",
            "time": "2013-04-13 06:45:54"
        },
        {
            "name": "cultuurnet/cdb",
            "version": "2.x-dev",
            "source": {
                "type": "git",
                "url": "https://github.com/cultuurnet/Cdb.git",
                "reference": "022e7b96bbf74ef912900667ecbe5c67972e1c00"
            },
            "dist": {
                "type": "zip",
                "url": "https://api.github.com/repos/cultuurnet/Cdb/zipball/022e7b96bbf74ef912900667ecbe5c67972e1c00",
                "reference": "022e7b96bbf74ef912900667ecbe5c67972e1c00",
                "shasum": ""
            },
            "type": "library",
            "extra": {
                "branch-alias": {
                    "dev-master": "1.0.x-dev"
                }
            },
            "autoload": {
                "psr-0": {
                    "CultureFeed_Cdb_": [
                        "lib"
                    ]
                }
            },
            "notification-url": "http://packagist.org/downloads/",
            "license": [
                "Apache-2.0"
            ],
            "description": "PHP library for hydrating/manipulating CultuurNet's Cdb XML documents",
            "time": "2013-05-02 14:41:47"
        },
        {
            "name": "cultuurnet/search",
            "version": "dev-master",
            "source": {
                "type": "git",
                "url": "https://github.com/cultuurnet/Search.git",
                "reference": "408aa21fc9365d3f4b599b9aa0a85a1b2f60ce9f"
            },
            "dist": {
                "type": "zip",
                "url": "https://api.github.com/repos/cultuurnet/Search/zipball/408aa21fc9365d3f4b599b9aa0a85a1b2f60ce9f",
                "reference": "408aa21fc9365d3f4b599b9aa0a85a1b2f60ce9f",
                "shasum": ""
            },
            "require": {
                "cultuurnet/auth": "1.0.*@dev",
                "cultuurnet/cdb": "2.*@dev",
                "guzzle/http": "3.1.*",
                "guzzle/plugin-oauth": "3.1.*",
                "php": ">=5.3.0",
                "symfony/console": "2.2.*@dev"
            },
            "bin": [
                "bin/cultuurnet-search"
            ],
            "type": "library",
            "extra": {
                "branch-alias": {
                    "dev-master": "1.0.x-dev"
                }
            },
            "autoload": {
                "psr-0": {
                    "CultuurNet\\Search": [
                        "lib"
                    ]
                }
            },
            "notification-url": "http://packagist.org/downloads/",
            "license": [
                "Apache-2.0"
            ],
            "description": "CultuurNet search service",
            "time": "2013-05-16 14:57:14"
        },
        {
            "name": "guzzle/common",
            "version": "v3.1.2",
            "target-dir": "Guzzle/Common",
            "source": {
                "type": "git",
                "url": "git://github.com/guzzle/common.git",
                "reference": "v3.1.2"
            },
            "dist": {
                "type": "zip",
                "url": "https://github.com/guzzle/common/archive/v3.1.2.zip",
                "reference": "v3.1.2",
                "shasum": ""
            },
            "require": {
                "php": ">=5.3.2",
                "symfony/event-dispatcher": ">=2.1"
            },
            "type": "library",
            "extra": {
                "branch-alias": {
                    "dev-master": "3.0-dev"
                }
            },
            "autoload": {
                "psr-0": {
                    "Guzzle\\Common": ""
                }
            },
            "notification-url": "http://packagist.org/downloads/",
            "license": [
                "MIT"
            ],
            "description": "Common libraries used by Guzzle",
            "homepage": "http://guzzlephp.org/",
            "keywords": [
                "collection",
                "common",
                "event",
                "exception"
            ],
            "time": "2013-01-28 00:07:40"
        },
        {
            "name": "guzzle/http",
            "version": "v3.1.2",
            "target-dir": "Guzzle/Http",
            "source": {
                "type": "git",
                "url": "git://github.com/guzzle/http.git",
                "reference": "v3.1.2"
            },
            "dist": {
                "type": "zip",
                "url": "https://github.com/guzzle/http/archive/v3.1.2.zip",
                "reference": "v3.1.2",
                "shasum": ""
            },
            "require": {
                "guzzle/common": "self.version",
                "guzzle/parser": "self.version",
                "guzzle/stream": "self.version",
                "php": ">=5.3.2"
            },
            "suggest": {
                "ext-curl": "*"
            },
            "type": "library",
            "extra": {
                "branch-alias": {
                    "dev-master": "3.0-dev"
                }
            },
            "autoload": {
                "psr-0": {
                    "Guzzle\\Http": ""
                }
            },
            "notification-url": "http://packagist.org/downloads/",
            "license": [
                "MIT"
            ],
            "authors": [
                {
                    "name": "Michael Dowling",
                    "email": "mtdowling@gmail.com",
                    "homepage": "https://github.com/mtdowling"
                }
            ],
            "description": "HTTP libraries used by Guzzle",
            "homepage": "http://guzzlephp.org/",
            "keywords": [
                "Guzzle",
                "client",
                "curl",
                "http",
                "http client"
            ],
            "time": "2013-01-26 08:20:43"
        },
        {
            "name": "guzzle/log",
            "version": "v3.1.2",
            "target-dir": "Guzzle/Log",
            "source": {
                "type": "git",
                "url": "https://github.com/guzzle/log",
                "reference": "v3.0.7"
            },
            "dist": {
                "type": "zip",
                "url": "https://github.com/guzzle/log/archive/v3.0.7.zip",
                "reference": "v3.0.7",
                "shasum": ""
            },
            "require": {
                "php": ">=5.3.2"
            },
            "suggest": {
                "guzzle/http": "v3.1.2"
            },
            "type": "library",
            "extra": {
                "branch-alias": {
                    "dev-master": "3.0-dev"
                }
            },
            "autoload": {
                "psr-0": {
                    "Guzzle\\Log": ""
                }
            },
            "notification-url": "http://packagist.org/downloads/",
            "license": [
                "MIT"
            ],
            "authors": [
                {
                    "name": "Michael Dowling",
                    "email": "mtdowling@gmail.com",
                    "homepage": "https://github.com/mtdowling"
                }
            ],
            "description": "Guzzle log adapter component",
            "homepage": "http://guzzlephp.org/",
            "keywords": [
                "Guzzle",
                "adapter",
                "log"
            ],
            "time": "2012-12-07 16:45:11"
        },
        {
            "name": "guzzle/parser",
            "version": "v3.1.2",
            "target-dir": "Guzzle/Parser",
            "source": {
                "type": "git",
                "url": "git://github.com/guzzle/parser.git",
                "reference": "v3.1.2"
            },
            "dist": {
                "type": "zip",
                "url": "https://github.com/guzzle/parser/archive/v3.1.2.zip",
                "reference": "v3.1.2",
                "shasum": ""
            },
            "require": {
                "php": ">=5.3.2"
            },
            "type": "library",
            "extra": {
                "branch-alias": {
                    "dev-master": "3.0-dev"
                }
            },
            "autoload": {
                "psr-0": {
                    "Guzzle\\Parser": ""
                }
            },
            "notification-url": "http://packagist.org/downloads/",
            "license": [
                "MIT"
            ],
            "description": "Interchangeable parsers used by Guzzle",
            "homepage": "http://guzzlephp.org/",
            "keywords": [
                "URI Template",
                "cookie",
                "http",
                "message",
                "url"
            ],
            "time": "2013-01-12 21:43:21"
        },
        {
            "name": "guzzle/plugin-cookie",
            "version": "v3.1.2",
            "target-dir": "Guzzle/Plugin/Cookie",
            "source": {
                "type": "git",
                "url": "https://github.com/guzzle/plugin-cookie",
                "reference": "v3.0.7"
            },
            "dist": {
                "type": "zip",
                "url": "https://github.com/guzzle/plugin-cookie/archive/v3.0.7.zip",
                "reference": "v3.0.7",
                "shasum": ""
            },
            "require": {
                "guzzle/http": "self.version",
                "php": ">=5.3.2"
            },
            "type": "library",
            "extra": {
                "branch-alias": {
                    "dev-master": "3.0-dev"
                }
            },
            "autoload": {
                "psr-0": {
                    "Guzzle\\Plugin\\Cookie": ""
                }
            },
            "notification-url": "http://packagist.org/downloads/",
            "license": [
                "MIT"
            ],
            "authors": [
                {
                    "name": "Michael Dowling",
                    "email": "mtdowling@gmail.com",
                    "homepage": "https://github.com/mtdowling"
                }
            ],
            "description": "Guzzle cookie plugin",
            "homepage": "http://guzzlephp.org/",
            "keywords": [
                "Guzzle",
                "plugin"
            ],
            "time": "2012-12-07 16:45:11"
        },
        {
            "name": "guzzle/plugin-log",
            "version": "v3.1.2",
            "target-dir": "Guzzle/Plugin/Log",
            "source": {
                "type": "git",
                "url": "https://github.com/guzzle/plugin-log",
                "reference": "v3.1.2"
            },
            "dist": {
                "type": "zip",
                "url": "https://github.com/guzzle/plugin-log/archive/v3.1.2.zip",
                "reference": "v3.1.2",
                "shasum": ""
            },
            "require": {
                "guzzle/http": "self.version",
                "guzzle/log": "self.version",
                "php": ">=5.3.2"
            },
            "type": "library",
            "extra": {
                "branch-alias": {
                    "dev-master": "3.0-dev"
                }
            },
            "autoload": {
                "psr-0": {
                    "Guzzle\\Plugin\\Log": ""
                }
            },
            "notification-url": "http://packagist.org/downloads/",
            "license": [
                "MIT"
            ],
            "authors": [
                {
                    "name": "Michael Dowling",
                    "email": "mtdowling@gmail.com",
                    "homepage": "https://github.com/mtdowling"
                }
            ],
            "description": "Guzzle log plugin for over the wire logging",
            "homepage": "http://guzzlephp.org/",
            "keywords": [
                "Guzzle",
                "log",
                "plugin"
            ],
            "time": "2013-01-13 05:09:32"
        },
        {
            "name": "guzzle/plugin-oauth",
            "version": "v3.1.2",
            "target-dir": "Guzzle/Plugin/Oauth",
            "source": {
                "type": "git",
                "url": "https://github.com/guzzle/plugin-oauth",
                "reference": "v3.0.7"
            },
            "dist": {
                "type": "zip",
                "url": "https://github.com/guzzle/plugin-oauth/archive/v3.0.7.zip",
                "reference": "v3.0.7",
                "shasum": ""
            },
            "require": {
                "guzzle/http": "self.version",
                "php": ">=5.3.2"
            },
            "type": "library",
            "extra": {
                "branch-alias": {
                    "dev-master": "3.0-dev"
                }
            },
            "autoload": {
                "psr-0": {
                    "Guzzle\\Plugin\\Oauth": ""
                }
            },
            "notification-url": "http://packagist.org/downloads/",
            "license": [
                "MIT"
            ],
            "authors": [
                {
                    "name": "Michael Dowling",
                    "email": "mtdowling@gmail.com",
                    "homepage": "https://github.com/mtdowling"
                }
            ],
            "description": "Guzzle OAuth plugin",
            "homepage": "http://guzzlephp.org/",
            "keywords": [
                "Guzzle",
                "oauth",
                "plugin"
            ],
            "time": "2012-12-07 16:45:11"
        },
        {
            "name": "guzzle/stream",
            "version": "v3.1.2",
            "target-dir": "Guzzle/Stream",
            "source": {
                "type": "git",
                "url": "https://github.com/guzzle/stream",
                "reference": "v3.0.7"
            },
            "dist": {
                "type": "zip",
                "url": "https://github.com/guzzle/stream/archive/v3.0.7.zip",
                "reference": "v3.0.7",
                "shasum": ""
            },
            "require": {
                "guzzle/common": "self.version",
                "php": ">=5.3.2"
            },
            "type": "library",
            "extra": {
                "branch-alias": {
                    "dev-master": "3.0-dev"
                }
            },
            "autoload": {
                "psr-0": {
                    "Guzzle\\Stream": ""
                }
            },
            "notification-url": "http://packagist.org/downloads/",
            "license": [
                "MIT"
            ],
            "authors": [
                {
                    "name": "Michael Dowling",
                    "email": "mtdowling@gmail.com",
                    "homepage": "https://github.com/mtdowling"
                }
            ],
            "description": "Guzzle stream wrapper component",
            "homepage": "http://guzzlephp.org/",
            "keywords": [
                "Guzzle",
                "component",
                "stream"
            ],
            "time": "2012-12-07 16:45:11"
        },
        {
            "name": "justinrainbow/json-schema",
            "version": "1.1.0",
            "source": {
                "type": "git",
                "url": "git://github.com/justinrainbow/json-schema.git",
                "reference": "v1.1.0"
            },
            "dist": {
                "type": "zip",
                "url": "https://github.com/justinrainbow/json-schema/archive/v1.1.0.zip",
                "reference": "v1.1.0",
                "shasum": ""
            },
            "require": {
                "php": ">=5.3.0"
            },
            "type": "library",
            "autoload": {
                "psr-0": {
                    "JsonSchema": "src/"
                }
            },
            "notification-url": "http://packagist.org/downloads/",
            "license": [
                "NewBSD"
            ],
            "authors": [
                {
                    "name": "Igor Wiedler",
                    "email": "igor@wiedler.ch",
                    "homepage": "http://wiedler.ch/igor/"
                },
                {
                    "name": "Bruno Prieto Reis",
                    "email": "bruno.p.reis@gmail.com"
                },
                {
                    "name": "Justin Rainbow",
                    "email": "justin.rainbow@gmail.com"
                },
                {
                    "name": "Robert Schönthal",
                    "email": "seroscho@googlemail.com",
                    "homepage": "http://digitalkaoz.net"
                }
            ],
            "description": "A library to validate a json schema.",
            "homepage": "https://github.com/justinrainbow/json-schema",
            "keywords": [
                "json",
                "schema"
            ],
            "time": "2012-01-03 00:33:17"
        },
        {
            "name": "symfony/console",
            "version": "2.2.x-dev",
            "target-dir": "Symfony/Component/Console",
            "source": {
                "type": "git",
                "url": "https://github.com/symfony/Console.git",
                "reference": "d07c6c532c51367920ddc4a08b1b173acc094acf"
            },
            "dist": {
                "type": "zip",
                "url": "https://api.github.com/repos/symfony/Console/zipball/d07c6c532c51367920ddc4a08b1b173acc094acf",
                "reference": "d07c6c532c51367920ddc4a08b1b173acc094acf",
                "shasum": ""
            },
            "require": {
                "php": ">=5.3.3"
            },
            "type": "library",
            "extra": {
                "branch-alias": {
                    "dev-master": "2.2-dev"
                }
            },
            "autoload": {
                "psr-0": {
                    "Symfony\\Component\\Console\\": ""
                }
            },
            "notification-url": "http://packagist.org/downloads/",
            "license": [
                "MIT"
            ],
            "authors": [
                {
                    "name": "Fabien Potencier",
                    "email": "fabien@symfony.com"
                },
                {
                    "name": "Symfony Community",
                    "homepage": "http://symfony.com/contributors"
                }
            ],
            "description": "Symfony Console Component",
            "homepage": "http://symfony.com",
            "time": "2013-05-10 18:08:31"
        },
        {
            "name": "symfony/event-dispatcher",
            "version": "dev-master",
            "target-dir": "Symfony/Component/EventDispatcher",
            "source": {
                "type": "git",
                "url": "https://github.com/symfony/EventDispatcher.git",
                "reference": "4b34aad44d0a2d91f301ee967151ce0980f39930"
            },
            "dist": {
                "type": "zip",
                "url": "https://api.github.com/repos/symfony/EventDispatcher/zipball/4b34aad44d0a2d91f301ee967151ce0980f39930",
                "reference": "4b34aad44d0a2d91f301ee967151ce0980f39930",
                "shasum": ""
            },
            "require": {
                "php": ">=5.3.3"
            },
            "require-dev": {
                "symfony/dependency-injection": ">=2.0,<3.0"
            },
            "suggest": {
                "symfony/dependency-injection": "",
                "symfony/http-kernel": ""
            },
            "type": "library",
            "extra": {
                "branch-alias": {
                    "dev-master": "2.4-dev"
                }
            },
            "autoload": {
                "psr-0": {
                    "Symfony\\Component\\EventDispatcher\\": ""
                }
            },
            "notification-url": "http://packagist.org/downloads/",
            "license": [
                "MIT"
            ],
            "authors": [
                {
                    "name": "Fabien Potencier",
                    "email": "fabien@symfony.com"
                },
                {
                    "name": "Symfony Community",
                    "homepage": "http://symfony.com/contributors"
                }
            ],
            "description": "Symfony EventDispatcher Component",
            "homepage": "http://symfony.com",
            "time": "2013-05-16 07:54:39"
        }
    ],
    "packages-dev": null,
    "aliases": [

    ],
    "minimum-stability": "dev",
    "stability-flags": {
        "cultuurnet/search": 20
    }
}

